
Microsoft Visual Studio Solution File, Format Version 12.00
# Visual Studio Version 16
VisualStudioVersion = 16.0.31410.357
MinimumVisualStudioVersion = 10.0.40219.1
Project("{8BC9CEB8-8B4A-11D0-8D11-00A0C91BC942}") = "CPP_RingBuff", "CPP_RingBuff\CPP_RingBuff.vcxproj", "{7FCA2E55-825F-45F8-ADE1-894B4AE71671}"
EndProject
Project("{8BC9CEB8-8B4A-11D0-8D11-00A0C91BC942}") = "RingBuff", "RingBuff\RingBuff.vcxproj", "{B32582BA-E814-401B-9A76-2CECC564C5A1}"
EndProject
Global
	GlobalSection(SolutionConfigurationPlatforms) = preSolution
		Debug|x64 = Debug|x64
		Debug|x86 = Debug|x86
		Release|x64 = Release|x64
		Release|x86 = Release|x86
	EndGlobalSection
	GlobalSection(ProjectConfigurationPlatforms) = postSolution
		{7FCA2E55-825F-45F8-ADE1-894B4AE71671}.Debug|x64.ActiveCfg = Debug|x64
		{7FCA2E55-825F-45F8-ADE1-894B4AE71671}.Debug|x64.Build.0 = Debug|x64
		{7FCA2E55-825F-45F8-ADE1-894B4AE71671}.Debug|x86.ActiveCfg = Debug|Win32
		{7FCA2E55-825F-45F8-ADE1-894B4AE71671}.Debug|x86.Build.0 = Debug|Win32
		{7FCA2E55-825F-45F8-ADE1-894B4AE71671}.Release|x64.ActiveCfg = Release|x64
		{7FCA2E55-825F-45F8-ADE1-894B4AE71671}.Release|x64.Build.0 = Release|x64
		{7FCA2E55-825F-45F8-ADE1-894B4AE71671}.Release|x86.ActiveCfg = Release|Win32
		{7FCA2E55-825F-45F8-ADE1-894B4AE71671}.Release|x86.Build.0 = Release|Win32
		{B32582BA-E814-401B-9A76-2CECC564C5A1}.Debug|x64.ActiveCfg = Debug|x64
		{B32582BA-E814-401B-9A76-2CECC564C5A1}.Debug|x64.Build.0 = Debug|x64
		{B32582BA-E814-401B-9A76-2CECC564C5A1}.Debug|x86.ActiveCfg = Debug|Win32
		{B32582BA-E814-401B-9A76-2CECC564C5A1}.Debug|x86.Build.0 = Debug|Win32
		{B32582BA-E814-401B-9A76-2CECC564C5A1}.Release|x64.ActiveCfg = Release|x64
		{B32582BA-E814-401B-9A76-2CECC564C5A1}.Release|x64.Build.0 = Release|x64
		{B32582BA-E814-401B-9A76-2CECC564C5A1}.Release|x86.ActiveCfg = Release|Win32
		{B32582BA-E814-401B-9A76-2CECC564C5A1}.Release|x86.Build.0 = Release|Win32
	EndGlobalSection
	GlobalSection(SolutionProperties) = preSolution
		HideSolutionNode = FALSE
	EndGlobalSection
	GlobalSection(ExtensibilityGlobals) = postSolution
		SolutionGuid = {C91A7311-2F55-46D7-8977-6803CEA87DAB}
	EndGlobalSection
EndGlobal
